github.com/go-ruby-minitest/minitest v0.0.0-20260630144113-dbcefec3be56 h1:xDLBszP9ctFp6AM+Hx2VFGTcBNdu2AttUMairyOZJyQ=
github.com/go-ruby-minitest/minitest v0.0.0-20260630144113-dbcefec3be56/go.mod h1:uTtdIEuNPKAm9oIvtKyG1LKO67WhE3luarsY5vQDiC8=
github.com/go-ruby-minitest/minitest v0.0.0-20260717070426-42021a9bc848 h1:0ddXZZfg/5tQyXiNzPFcEcN/WtL1EXOhy9VQHVEIvEI=
github.com/go-ruby-minitest/minitest v0.0.0-20260717070426-42021a9bc848/go.mod h1:uTtdIEuNPKAm9oIvtKyG1LKO67WhE3luarsY5vQDiC8=
github.com/go-ruby-minitest/minitest v0.0.0-20260916094951-890fe6bdb67a h1:dOVtAfGwq8YcFq/CgHl7d71RmT8vUa6ySuknThzLZio=
github.com/go-ruby-minitest/minitest v0.0.0-20260916094951-890fe6bdb67a/go.mod h1:uTtdIEuNPKAm9oIvtKyG1LKO67WhE3luarsY5vQDiC8=
github.com/go-ruby-minitest/minitest v0.0.0-20261007112734-6b96df72a634 h1:/KilrmeDWNWAD98wXiBuqvP1ei8RwhAU7plik0wvp6U=
github.com/go-ruby-minitest/minitest v0.0.0-20261007112734-6b96df72a634/go.mod h1:BtBWrIihjo8hsnp+rgVzg20J8zSgtmQJ4ulMjHpPfyM=
